
Microsoft Visual Studio Solution File, Format Version 12.00
# Visual Studio 15
VisualStudioVersion = 15.0.27004.2002
MinimumVisualStudioVersion = 10.0.40219.1
Project("{FAE04EC0-301F-11D3-BF4B-00C04F79EFBC}") = "LibraryService", "LibraryService\LibraryService.csproj", "{AF7F0895-F040-4089-8448-8E49A86DE2A5}"
EndProject
Project("{FAE04EC0-301F-11D3-BF4B-00C04F79EFBC}") = "AisInformMVC", "AisInformMVC\AisInformMVC.csproj", "{1D73DEC6-BFCD-4F47-831D-9BF95FD8347B}"
EndProject
Project("{FAE04EC0-301F-11D3-BF4B-00C04F79EFBC}") = "SincExportData", "SincExportData\SincExportData.csproj", "{94B0E00C-A3C9-4388-8099-4BBFC3C09A62}"
EndProject
Project("{FAE04EC0-301F-11D3-BF4B-00C04F79EFBC}") = "ServiceSincData", "ServiceSincData\ServiceSincData.csproj", "{B9F8A8DD-B0A9-4FBE-BDC2-EA68CE37504B}"
EndProject
Global
	GlobalSection(SolutionConfigurationPlatforms) = preSolution
		Debug|Any CPU = Debug|Any CPU
		Debug|x86 = Debug|x86
		Release|Any CPU = Release|Any CPU
		Release|x86 = Release|x86
	EndGlobalSection
	GlobalSection(ProjectConfigurationPlatforms) = postSolution
		{AF7F0895-F040-4089-8448-8E49A86DE2A5}.Debug|Any CPU.ActiveCfg = Debug|Any CPU
		{AF7F0895-F040-4089-8448-8E49A86DE2A5}.Debug|Any CPU.Build.0 = Debug|Any CPU
		{AF7F0895-F040-4089-8448-8E49A86DE2A5}.Debug|x86.ActiveCfg = Debug|Any CPU
		{AF7F0895-F040-4089-8448-8E49A86DE2A5}.Debug|x86.Build.0 = Debug|Any CPU
		{AF7F0895-F040-4089-8448-8E49A86DE2A5}.Release|Any CPU.ActiveCfg = Release|Any CPU
		{AF7F0895-F040-4089-8448-8E49A86DE2A5}.Release|Any CPU.Build.0 = Release|Any CPU
		{AF7F0895-F040-4089-8448-8E49A86DE2A5}.Release|x86.ActiveCfg = Release|Any CPU
		{AF7F0895-F040-4089-8448-8E49A86DE2A5}.Release|x86.Build.0 = Release|Any CPU
		{1D73DEC6-BFCD-4F47-831D-9BF95FD8347B}.Debug|Any CPU.ActiveCfg = Debug|Any CPU
		{1D73DEC6-BFCD-4F47-831D-9BF95FD8347B}.Debug|Any CPU.Build.0 = Debug|Any CPU
		{1D73DEC6-BFCD-4F47-831D-9BF95FD8347B}.Debug|x86.ActiveCfg = Debug|Any CPU
		{1D73DEC6-BFCD-4F47-831D-9BF95FD8347B}.Debug|x86.Build.0 = Debug|Any CPU
		{1D73DEC6-BFCD-4F47-831D-9BF95FD8347B}.Release|Any CPU.ActiveCfg = Release|Any CPU
		{1D73DEC6-BFCD-4F47-831D-9BF95FD8347B}.Release|Any CPU.Build.0 = Release|Any CPU
		{1D73DEC6-BFCD-4F47-831D-9BF95FD8347B}.Release|x86.ActiveCfg = Release|Any CPU
		{1D73DEC6-BFCD-4F47-831D-9BF95FD8347B}.Release|x86.Build.0 = Release|Any CPU
		{94B0E00C-A3C9-4388-8099-4BBFC3C09A62}.Debug|Any CPU.ActiveCfg = Debug|Any CPU
		{94B0E00C-A3C9-4388-8099-4BBFC3C09A62}.Debug|Any CPU.Build.0 = Debug|Any CPU
		{94B0E00C-A3C9-4388-8099-4BBFC3C09A62}.Debug|x86.ActiveCfg = Debug|Any CPU
		{94B0E00C-A3C9-4388-8099-4BBFC3C09A62}.Debug|x86.Build.0 = Debug|Any CPU
		{94B0E00C-A3C9-4388-8099-4BBFC3C09A62}.Release|Any CPU.ActiveCfg = Release|Any CPU
		{94B0E00C-A3C9-4388-8099-4BBFC3C09A62}.Release|Any CPU.Build.0 = Release|Any CPU
		{94B0E00C-A3C9-4388-8099-4BBFC3C09A62}.Release|x86.ActiveCfg = Release|Any CPU
		{94B0E00C-A3C9-4388-8099-4BBFC3C09A62}.Release|x86.Build.0 = Release|Any CPU
		{B9F8A8DD-B0A9-4FBE-BDC2-EA68CE37504B}.Debug|Any CPU.ActiveCfg = Debug|Any CPU
		{B9F8A8DD-B0A9-4FBE-BDC2-EA68CE37504B}.Debug|Any CPU.Build.0 = Debug|Any CPU
		{B9F8A8DD-B0A9-4FBE-BDC2-EA68CE37504B}.Debug|x86.ActiveCfg = Debug|Any CPU
		{B9F8A8DD-B0A9-4FBE-BDC2-EA68CE37504B}.Debug|x86.Build.0 = Debug|Any CPU
		{B9F8A8DD-B0A9-4FBE-BDC2-EA68CE37504B}.Release|Any CPU.ActiveCfg = Release|Any CPU
		{B9F8A8DD-B0A9-4FBE-BDC2-EA68CE37504B}.Release|Any CPU.Build.0 = Release|Any CPU
		{B9F8A8DD-B0A9-4FBE-BDC2-EA68CE37504B}.Release|x86.ActiveCfg = Release|Any CPU
		{B9F8A8DD-B0A9-4FBE-BDC2-EA68CE37504B}.Release|x86.Build.0 = Release|Any CPU
	EndGlobalSection
	GlobalSection(SolutionProperties) = preSolution
		HideSolutionNode = FALSE
	EndGlobalSection
	GlobalSection(ExtensibilityGlobals) = postSolution
		SolutionGuid = {74A7B0D1-90E9-4E8D-A060-22A25F4D3BF5}
	EndGlobalSection
EndGlobal
